
Microsoft Visual Studio Solution File, Format Version 12.00
# Visual Studio 15
VisualStudioVersion = 15.0.26430.16
MinimumVisualStudioVersion = 10.0.40219.1
Project("{FAE04EC0-301F-11D3-BF4B-00C04F79EFBC}") = "Emporium", "Emporium\Emporium.csproj", "{D1CC2F6C-5FCA-4B7A-B9B6-962E81C19F7A}"
EndProject
Global
	GlobalSection(SolutionConfigurationPlatforms) = preSolution
		Debug|Any CPU = Debug|Any CPU
		Release|Any CPU = Release|Any CPU
	EndGlobalSection
	GlobalSection(ProjectConfigurationPlatforms) = postSolution
		{D1CC2F6C-5FCA-4B7A-B9B6-962E81C19F7A}.Debug|Any CPU.ActiveCfg = Debug|Any CPU
		{D1CC2F6C-5FCA-4B7A-B9B6-962E81C19F7A}.Debug|Any CPU.Build.0 = Debug|Any CPU
		{D1CC2F6C-5FCA-4B7A-B9B6-962E81C19F7A}.Release|Any CPU.ActiveCfg = Release|Any CPU
		{D1CC2F6C-5FCA-4B7A-B9B6-962E81C19F7A}.Release|Any CPU.Build.0 = Release|Any CPU
	EndGlobalSection
	GlobalSection(SolutionProperties) = preSolution
		HideSolutionNode = FALSE
	EndGlobalSection
	GlobalSection(ExtensibilityGlobals) = postSolution
		SolutionGuid = {F8FCC567-B577-4957-886F-C43682BCD68E}
	EndGlobalSection
EndGlobal
